
Microsoft Visual Studio Solution File, Format Version 12.00
# Visual Studio Version 16
VisualStudioVersion = 16.0.31105.61
MinimumVisualStudioVersion = 10.0.40219.1
Project("{9A19103F-16F7-4668-BE54-9A1E7A4F7556}") = "ProductCatalog.UI", "ProductCatalog.UI\ProductCatalog.UI.csproj", "{B7E0D258-719D-4230-B7A4-4252ABA90E0A}"
EndProject
Project("{9A19103F-16F7-4668-BE54-9A1E7A4F7556}") = "FileProcess", "FileProcessor\FileProcess.csproj", "{44F54A66-CE05-4838-ABF5-23978195AB11}"
EndProject
Project("{FAE04EC0-301F-11D3-BF4B-00C04F79EFBC}") = "ProductCatalog.Data", "ProductCatalog.Data\ProductCatalog.Data.csproj", "{8C9A2CD7-A23C-412B-974C-90E4EC76E401}"
EndProject
Global
	GlobalSection(SolutionConfigurationPlatforms) = preSolution
		Debug|Any CPU = Debug|Any CPU
		Release|Any CPU = Release|Any CPU
	EndGlobalSection
	GlobalSection(ProjectConfigurationPlatforms) = postSolution
		{B7E0D258-719D-4230-B7A4-4252ABA90E0A}.Debug|Any CPU.ActiveCfg = Debug|Any CPU
		{B7E0D258-719D-4230-B7A4-4252ABA90E0A}.Debug|Any CPU.Build.0 = Debug|Any CPU
		{B7E0D258-719D-4230-B7A4-4252ABA90E0A}.Release|Any CPU.ActiveCfg = Release|Any CPU
		{B7E0D258-719D-4230-B7A4-4252ABA90E0A}.Release|Any CPU.Build.0 = Release|Any CPU
		{44F54A66-CE05-4838-ABF5-23978195AB11}.Debug|Any CPU.ActiveCfg = Debug|Any CPU
		{44F54A66-CE05-4838-ABF5-23978195AB11}.Debug|Any CPU.Build.0 = Debug|Any CPU
		{44F54A66-CE05-4838-ABF5-23978195AB11}.Release|Any CPU.ActiveCfg = Release|Any CPU
		{44F54A66-CE05-4838-ABF5-23978195AB11}.Release|Any CPU.Build.0 = Release|Any CPU
		{8C9A2CD7-A23C-412B-974C-90E4EC76E401}.Debug|Any CPU.ActiveCfg = Debug|Any CPU
		{8C9A2CD7-A23C-412B-974C-90E4EC76E401}.Debug|Any CPU.Build.0 = Debug|Any CPU
		{8C9A2CD7-A23C-412B-974C-90E4EC76E401}.Release|Any CPU.ActiveCfg = Release|Any CPU
		{8C9A2CD7-A23C-412B-974C-90E4EC76E401}.Release|Any CPU.Build.0 = Release|Any CPU
	EndGlobalSection
	GlobalSection(SolutionProperties) = preSolution
		HideSolutionNode = FALSE
	EndGlobalSection
	GlobalSection(ExtensibilityGlobals) = postSolution
		SolutionGuid = {38B67A69-240E-4003-8B34-D1B5012FDDB5}
	EndGlobalSection
EndGlobal
