
Microsoft Visual Studio Solution File, Format Version 12.00
# Visual Studio Version 16
VisualStudioVersion = 16.0.31105.61
MinimumVisualStudioVersion = 10.0.40219.1
Project("{FAE04EC0-301F-11D3-BF4B-00C04F79EFBC}") = "ProductCatalog", "ProductCatalog\ProductCatalog.csproj", "{EC7E7EEC-BD17-420D-8E86-428D57739154}"
EndProject
Global
	GlobalSection(SolutionConfigurationPlatforms) = preSolution
		Debug|Any CPU = Debug|Any CPU
		Release|Any CPU = Release|Any CPU
	EndGlobalSection
	GlobalSection(ProjectConfigurationPlatforms) = postSolution
		{EC7E7EEC-BD17-420D-8E86-428D57739154}.Debug|Any CPU.ActiveCfg = Debug|Any CPU
		{EC7E7EEC-BD17-420D-8E86-428D57739154}.Debug|Any CPU.Build.0 = Debug|Any CPU
		{EC7E7EEC-BD17-420D-8E86-428D57739154}.Release|Any CPU.ActiveCfg = Release|Any CPU
		{EC7E7EEC-BD17-420D-8E86-428D57739154}.Release|Any CPU.Build.0 = Release|Any CPU
	EndGlobalSection
	GlobalSection(SolutionProperties) = preSolution
		HideSolutionNode = FALSE
	EndGlobalSection
	GlobalSection(ExtensibilityGlobals) = postSolution
		SolutionGuid = {3A15B54C-F611-4E68-9C6E-151091DBCBBF}
	EndGlobalSection
EndGlobal
